Microsoft Visual Studio Solution File, Format Version 12.00
# Visual Studio 2012
Project("{FAE04EC0-301F-11D3-BF4B-00C04F79EFBC}") = "Chess.UI", "Chess.UI\Chess.UI.csproj", "{2258A978-E229-4F6A-948A-20F110CEF2FC}"
EndProject
Project("{FAE04EC0-301F-11D3-BF4B-00C04F79EFBC}") = "Chess", "Chess\Chess.csproj", "{EBE3A1D5-9AFF-4B66-863C-47D37D24A6E9}"
EndProject
Project("{FAE04EC0-301F-11D3-BF4B-00C04F79EFBC}") = "Chess.Tests", "Chess.Tests\Chess.Tests.csproj", "{2B5439D6-82B3-4FBD-A344-8DD91FCB3B6C}"
EndProject
Project("{FAE04EC0-301F-11D3-BF4B-00C04F79EFBC}") = "ChessAI", "ChessAI\ChessAI.csproj", "{8182C10C-57F9-435D-8380-1842A5640413}"
EndProject
Project("{FAE04EC0-301F-11D3-BF4B-00C04F79EFBC}") = "Chess.Console", "Chess.Console\Chess.Console.csproj", "{BC668DF4-84CB-4D09-A9AE-E3F43C49460D}"
EndProject
Global
	GlobalSection(SolutionConfigurationPlatforms) = preSolution
	Debug|Any CPU = Debug|Any CPU
	ExportDebug|Any CPU = ExportDebug|Any CPU
	ExportRelease|Any CPU = ExportRelease|Any CPU
	EndGlobalSection
	GlobalSection(ProjectConfigurationPlatforms) = postSolution
		{2258A978-E229-4F6A-948A-20F110CEF2FC}.Debug|Any CPU.ActiveCfg = Debug|Any CPU
		{2258A978-E229-4F6A-948A-20F110CEF2FC}.Debug|Any CPU.Build.0 = Debug|Any CPU
		{2258A978-E229-4F6A-948A-20F110CEF2FC}.ExportDebug|Any CPU.ActiveCfg = ExportDebug|Any CPU
		{2258A978-E229-4F6A-948A-20F110CEF2FC}.ExportDebug|Any CPU.Build.0 = ExportDebug|Any CPU
		{2258A978-E229-4F6A-948A-20F110CEF2FC}.ExportRelease|Any CPU.ActiveCfg = ExportRelease|Any CPU
		{2258A978-E229-4F6A-948A-20F110CEF2FC}.ExportRelease|Any CPU.Build.0 = ExportRelease|Any CPU
		{EBE3A1D5-9AFF-4B66-863C-47D37D24A6E9}.Debug|Any CPU.ActiveCfg = Debug|Any CPU
		{EBE3A1D5-9AFF-4B66-863C-47D37D24A6E9}.Debug|Any CPU.Build.0 = Debug|Any CPU
		{EBE3A1D5-9AFF-4B66-863C-47D37D24A6E9}.ExportDebug|Any CPU.ActiveCfg = ExportDebug|Any CPU
		{EBE3A1D5-9AFF-4B66-863C-47D37D24A6E9}.ExportDebug|Any CPU.Build.0 = ExportDebug|Any CPU
		{EBE3A1D5-9AFF-4B66-863C-47D37D24A6E9}.ExportRelease|Any CPU.ActiveCfg = Release|Any CPU
		{EBE3A1D5-9AFF-4B66-863C-47D37D24A6E9}.ExportRelease|Any CPU.Build.0 = Release|Any CPU
		{2B5439D6-82B3-4FBD-A344-8DD91FCB3B6C}.Debug|Any CPU.ActiveCfg = Debug|Any CPU
		{2B5439D6-82B3-4FBD-A344-8DD91FCB3B6C}.Debug|Any CPU.Build.0 = Debug|Any CPU
		{2B5439D6-82B3-4FBD-A344-8DD91FCB3B6C}.ExportDebug|Any CPU.ActiveCfg = Debug|Any CPU
		{2B5439D6-82B3-4FBD-A344-8DD91FCB3B6C}.ExportDebug|Any CPU.Build.0 = Debug|Any CPU
		{2B5439D6-82B3-4FBD-A344-8DD91FCB3B6C}.ExportRelease|Any CPU.ActiveCfg = Debug|Any CPU
		{2B5439D6-82B3-4FBD-A344-8DD91FCB3B6C}.ExportRelease|Any CPU.Build.0 = Debug|Any CPU
		{8182C10C-57F9-435D-8380-1842A5640413}.Debug|Any CPU.ActiveCfg = Debug|Any CPU
		{8182C10C-57F9-435D-8380-1842A5640413}.Debug|Any CPU.Build.0 = Debug|Any CPU
		{8182C10C-57F9-435D-8380-1842A5640413}.ExportDebug|Any CPU.ActiveCfg = Debug|Any CPU
		{8182C10C-57F9-435D-8380-1842A5640413}.ExportDebug|Any CPU.Build.0 = Debug|Any CPU
		{8182C10C-57F9-435D-8380-1842A5640413}.ExportRelease|Any CPU.ActiveCfg = Debug|Any CPU
		{8182C10C-57F9-435D-8380-1842A5640413}.ExportRelease|Any CPU.Build.0 = Debug|Any CPU
		{BC668DF4-84CB-4D09-A9AE-E3F43C49460D}.Debug|Any CPU.ActiveCfg = Debug|Any CPU
		{BC668DF4-84CB-4D09-A9AE-E3F43C49460D}.Debug|Any CPU.Build.0 = Debug|Any CPU
		{BC668DF4-84CB-4D09-A9AE-E3F43C49460D}.ExportDebug|Any CPU.ActiveCfg = Debug|Any CPU
		{BC668DF4-84CB-4D09-A9AE-E3F43C49460D}.ExportDebug|Any CPU.Build.0 = Debug|Any CPU
		{BC668DF4-84CB-4D09-A9AE-E3F43C49460D}.ExportRelease|Any CPU.ActiveCfg = Release|Any CPU
		{BC668DF4-84CB-4D09-A9AE-E3F43C49460D}.ExportRelease|Any CPU.Build.0 = Release|Any CPU
	EndGlobalSection
EndGlobal
