Microsoft Visual Studio Solution File, Format Version 12.00
# Visual Studio 2012
Project("{FAE04EC0-301F-11D3-BF4B-00C04F79EFBC}") = "Chess", "Chess.csproj", "{EDCB92B3-ED68-4D73-A9DE-3365E4615FDD}"
EndProject
Global
	GlobalSection(SolutionConfigurationPlatforms) = preSolution
	Debug|Any CPU = Debug|Any CPU
	ExportDebug|Any CPU = ExportDebug|Any CPU
	ExportRelease|Any CPU = ExportRelease|Any CPU
	EndGlobalSection
	GlobalSection(ProjectConfigurationPlatforms) = postSolution
		{EDCB92B3-ED68-4D73-A9DE-3365E4615FDD}.Debug|Any CPU.ActiveCfg = Debug|Any CPU
		{EDCB92B3-ED68-4D73-A9DE-3365E4615FDD}.Debug|Any CPU.Build.0 = Debug|Any CPU
		{EDCB92B3-ED68-4D73-A9DE-3365E4615FDD}.ExportDebug|Any CPU.ActiveCfg = ExportDebug|Any CPU
		{EDCB92B3-ED68-4D73-A9DE-3365E4615FDD}.ExportDebug|Any CPU.Build.0 = ExportDebug|Any CPU
		{EDCB92B3-ED68-4D73-A9DE-3365E4615FDD}.ExportRelease|Any CPU.ActiveCfg = ExportRelease|Any CPU
		{EDCB92B3-ED68-4D73-A9DE-3365E4615FDD}.ExportRelease|Any CPU.Build.0 = ExportRelease|Any CPU
	EndGlobalSection
EndGlobal
